
Microsoft Visual Studio Solution File, Format Version 12.00
# Visual Studio Version 16
VisualStudioVersion = 16.0.30523.141
MinimumVisualStudioVersion = 10.0.40219.1
Project("{FAE04EC0-301F-11D3-BF4B-00C04F79EFBC}") = "JenkinsTest", "JenkinsTest\JenkinsTest.csproj", "{3D320AA7-9E8C-4B70-983C-D8F3094A476F}"
EndProject
Global
	GlobalSection(SolutionConfigurationPlatforms) = preSolution
		Debug|Any CPU = Debug|Any CPU
		Release|Any CPU = Release|Any CPU
	EndGlobalSection
	GlobalSection(ProjectConfigurationPlatforms) = postSolution
		{3D320AA7-9E8C-4B70-983C-D8F3094A476F}.Debug|Any CPU.ActiveCfg = Debug|Any CPU
		{3D320AA7-9E8C-4B70-983C-D8F3094A476F}.Debug|Any CPU.Build.0 = Debug|Any CPU
		{3D320AA7-9E8C-4B70-983C-D8F3094A476F}.Release|Any CPU.ActiveCfg = Release|Any CPU
		{3D320AA7-9E8C-4B70-983C-D8F3094A476F}.Release|Any CPU.Build.0 = Release|Any CPU
	EndGlobalSection
	GlobalSection(SolutionProperties) = preSolution
		HideSolutionNode = FALSE
	EndGlobalSection
	GlobalSection(ExtensibilityGlobals) = postSolution
		SolutionGuid = {8F8B0738-1EF8-4621-BE19-042CA36349F7}
	EndGlobalSection
EndGlobal
